
Microsoft Visual Studio Solution File, Format Version 12.00
# Visual Studio 14
VisualStudioVersion = 14.0.25123.0
MinimumVisualStudioVersion = 10.0.40219.1
Project("{FAE04EC0-301F-11D3-BF4B-00C04F79EFBC}") = "WebMatcher", "WebMatcher\WebMatcher.csproj", "{9B3A8A2F-7068-4031-A2A7-E154C34B2597}"
EndProject
Project("{FAE04EC0-301F-11D3-BF4B-00C04F79EFBC}") = "NotifyChange", "..\LittleBigMouse\NotifyChange\NotifyChange.csproj", "{BFEAB5F5-443E-4F0E-85EE-A4BB3AEEEA4D}"
EndProject
Global
	GlobalSection(Performance) = preSolution
		HasPerformanceSessions = true
	EndGlobalSection
	GlobalSection(SolutionConfigurationPlatforms) = preSolution
		CD_ROM|Any CPU = CD_ROM|Any CPU
		CD_ROM|x64 = CD_ROM|x64
		Debug|Any CPU = Debug|Any CPU
		Debug|x64 = Debug|x64
		DVD-5|Any CPU = DVD-5|Any CPU
		DVD-5|x64 = DVD-5|x64
		Publish|Any CPU = Publish|Any CPU
		Publish|x64 = Publish|x64
		Release|Any CPU = Release|Any CPU
		Release|x64 = Release|x64
		SingleImage|Any CPU = SingleImage|Any CPU
		SingleImage|x64 = SingleImage|x64
	EndGlobalSection
	GlobalSection(ProjectConfigurationPlatforms) = postSolution
		{9B3A8A2F-7068-4031-A2A7-E154C34B2597}.CD_ROM|Any CPU.ActiveCfg = Release|Any CPU
		{9B3A8A2F-7068-4031-A2A7-E154C34B2597}.CD_ROM|Any CPU.Build.0 = Release|Any CPU
		{9B3A8A2F-7068-4031-A2A7-E154C34B2597}.CD_ROM|x64.ActiveCfg = Release|x64
		{9B3A8A2F-7068-4031-A2A7-E154C34B2597}.CD_ROM|x64.Build.0 = Release|x64
		{9B3A8A2F-7068-4031-A2A7-E154C34B2597}.Debug|Any CPU.ActiveCfg = Debug|Any CPU
		{9B3A8A2F-7068-4031-A2A7-E154C34B2597}.Debug|Any CPU.Build.0 = Debug|Any CPU
		{9B3A8A2F-7068-4031-A2A7-E154C34B2597}.Debug|x64.ActiveCfg = Debug|x64
		{9B3A8A2F-7068-4031-A2A7-E154C34B2597}.Debug|x64.Build.0 = Debug|x64
		{9B3A8A2F-7068-4031-A2A7-E154C34B2597}.DVD-5|Any CPU.ActiveCfg = Debug|Any CPU
		{9B3A8A2F-7068-4031-A2A7-E154C34B2597}.DVD-5|Any CPU.Build.0 = Debug|Any CPU
		{9B3A8A2F-7068-4031-A2A7-E154C34B2597}.DVD-5|x64.ActiveCfg = Debug|x64
		{9B3A8A2F-7068-4031-A2A7-E154C34B2597}.DVD-5|x64.Build.0 = Debug|x64
		{9B3A8A2F-7068-4031-A2A7-E154C34B2597}.Publish|Any CPU.ActiveCfg = Debug|Any CPU
		{9B3A8A2F-7068-4031-A2A7-E154C34B2597}.Publish|Any CPU.Build.0 = Debug|Any CPU
		{9B3A8A2F-7068-4031-A2A7-E154C34B2597}.Publish|x64.ActiveCfg = Debug|x64
		{9B3A8A2F-7068-4031-A2A7-E154C34B2597}.Publish|x64.Build.0 = Debug|x64
		{9B3A8A2F-7068-4031-A2A7-E154C34B2597}.Release|Any CPU.ActiveCfg = Release|Any CPU
		{9B3A8A2F-7068-4031-A2A7-E154C34B2597}.Release|Any CPU.Build.0 = Release|Any CPU
		{9B3A8A2F-7068-4031-A2A7-E154C34B2597}.Release|x64.ActiveCfg = Release|x64
		{9B3A8A2F-7068-4031-A2A7-E154C34B2597}.Release|x64.Build.0 = Release|x64
		{9B3A8A2F-7068-4031-A2A7-E154C34B2597}.SingleImage|Any CPU.ActiveCfg = Release|Any CPU
		{9B3A8A2F-7068-4031-A2A7-E154C34B2597}.SingleImage|Any CPU.Build.0 = Release|Any CPU
		{9B3A8A2F-7068-4031-A2A7-E154C34B2597}.SingleImage|x64.ActiveCfg = Release|x64
		{9B3A8A2F-7068-4031-A2A7-E154C34B2597}.SingleImage|x64.Build.0 = Release|x64
		{BFEAB5F5-443E-4F0E-85EE-A4BB3AEEEA4D}.CD_ROM|Any CPU.ActiveCfg = Debug|x64
		{BFEAB5F5-443E-4F0E-85EE-A4BB3AEEEA4D}.CD_ROM|Any CPU.Build.0 = Debug|x64
		{BFEAB5F5-443E-4F0E-85EE-A4BB3AEEEA4D}.CD_ROM|x64.ActiveCfg = Release|x64
		{BFEAB5F5-443E-4F0E-85EE-A4BB3AEEEA4D}.CD_ROM|x64.Build.0 = Release|x64
		{BFEAB5F5-443E-4F0E-85EE-A4BB3AEEEA4D}.Debug|Any CPU.ActiveCfg = Debug|x64
		{BFEAB5F5-443E-4F0E-85EE-A4BB3AEEEA4D}.Debug|x64.ActiveCfg = Debug|x64
		{BFEAB5F5-443E-4F0E-85EE-A4BB3AEEEA4D}.Debug|x64.Build.0 = Debug|x64
		{BFEAB5F5-443E-4F0E-85EE-A4BB3AEEEA4D}.DVD-5|Any CPU.ActiveCfg = Debug|x64
		{BFEAB5F5-443E-4F0E-85EE-A4BB3AEEEA4D}.DVD-5|Any CPU.Build.0 = Debug|x64
		{BFEAB5F5-443E-4F0E-85EE-A4BB3AEEEA4D}.DVD-5|x64.ActiveCfg = Debug|x64
		{BFEAB5F5-443E-4F0E-85EE-A4BB3AEEEA4D}.DVD-5|x64.Build.0 = Debug|x64
		{BFEAB5F5-443E-4F0E-85EE-A4BB3AEEEA4D}.Publish|Any CPU.ActiveCfg = Debug|x64
		{BFEAB5F5-443E-4F0E-85EE-A4BB3AEEEA4D}.Publish|Any CPU.Build.0 = Debug|x64
		{BFEAB5F5-443E-4F0E-85EE-A4BB3AEEEA4D}.Publish|x64.ActiveCfg = Release|x64
		{BFEAB5F5-443E-4F0E-85EE-A4BB3AEEEA4D}.Publish|x64.Build.0 = Release|x64
		{BFEAB5F5-443E-4F0E-85EE-A4BB3AEEEA4D}.Release|Any CPU.ActiveCfg = Release|x64
		{BFEAB5F5-443E-4F0E-85EE-A4BB3AEEEA4D}.Release|x64.ActiveCfg = Release|x64
		{BFEAB5F5-443E-4F0E-85EE-A4BB3AEEEA4D}.Release|x64.Build.0 = Release|x64
		{BFEAB5F5-443E-4F0E-85EE-A4BB3AEEEA4D}.SingleImage|Any CPU.ActiveCfg = Debug|x64
		{BFEAB5F5-443E-4F0E-85EE-A4BB3AEEEA4D}.SingleImage|Any CPU.Build.0 = Debug|x64
		{BFEAB5F5-443E-4F0E-85EE-A4BB3AEEEA4D}.SingleImage|x64.ActiveCfg = Release|x64
		{BFEAB5F5-443E-4F0E-85EE-A4BB3AEEEA4D}.SingleImage|x64.Build.0 = Release|x64
	EndGlobalSection
	GlobalSection(SolutionProperties) = preSolution
		HideSolutionNode = FALSE
	EndGlobalSection
EndGlobal
